// !$*UTF8*$!
{
	archiveVersion = 1;
	classes = {
	};
	objectVersion = 56;
	objects = {

/* Begin PBXBuildFile section */
		2409B8BB2BC776E700D8CAD4 /* GoogleService-Info.plist in Resources */ = {isa = PBXBuildFile; fileRef = 2409B8BA2BC776E700D8CAD4 /* GoogleService-Info.plist */; };
		2409B8BD2BC7780B00D8CAD4 /* FirebaseAuth in Frameworks */ = {isa = PBXBuildFile; productRef = 2409B8BC2BC7780B00D8CAD4 /* FirebaseAuth */; };
		2409B8BF2BC7780B00D8CAD4 /* FirebaseFirestore in Frameworks */ = {isa = PBXBuildFile; productRef = 2409B8BE2BC7780B00D8CAD4 /* FirebaseFirestore */; };
		2409B8C12BC880AB00D8CAD4 /* LoggedInView.swift in Sources */ = {isa = PBXBuildFile; fileRef = 2409B8C02BC880AB00D8CAD4 /* LoggedInView.swift */; };
		2409B8C92BCD7EC100D8CAD4 /* AuthViewModel.swift in Sources */ = {isa = PBXBuildFile; fileRef = 2409B8C82BCD7EC100D8CAD4 /* AuthViewModel.swift */; };
		2409B8CB2BCD850000D8CAD4 /* ContentView.swift in Sources */ = {isa = PBXBuildFile; fileRef = 2409B8CA2BCD850000D8CAD4 /* ContentView.swift */; };
		2409B8D42BCE09F900D8CAD4 /* AuthModel.swift in Sources */ = {isa = PBXBuildFile; fileRef = 2409B8D32BCE09F900D8CAD4 /* AuthModel.swift */; };
		2409B8D62BCE0BBD00D8CAD4 /* AuthModelError.swift in Sources */ = {isa = PBXBuildFile; fileRef = 2409B8D52BCE0BBD00D8CAD4 /* AuthModelError.swift */; };
		2409B8D82BCE140700D8CAD4 /* LoginFormView.swift in Sources */ = {isa = PBXBuildFile; fileRef = 2409B8D72BCE140700D8CAD4 /* LoginFormView.swift */; };
		24A2D5842BBCBC6100D750FF /* CPSC5340_Final_ProjectApp.swift in Sources */ = {isa = PBXBuildFile; fileRef = 24A2D5832BBCBC6100D750FF /* CPSC5340_Final_ProjectApp.swift */; };
		24A2D5862BBCBC6100D750FF /* SignInView.swift in Sources */ = {isa = PBXBuildFile; fileRef = 24A2D5852BBCBC6100D750FF /* SignInView.swift */; };
		24A2D5882BBCBC6300D750FF /* Assets.xcassets in Resources */ = {isa = PBXBuildFile; fileRef = 24A2D5872BBCBC6300D750FF /* Assets.xcassets */; };
		24A2D58B2BBCBC6300D750FF /* Preview Assets.xcassets in Resources */ = {isa = PBXBuildFile; fileRef = 24A2D58A2BBCBC6300D750FF /* Preview Assets.xcassets */; };
		24A2D5922BBCBD2A00D750FF /* Launch Screen.storyboard in Resources */ = {isa = PBXBuildFile; fileRef = 24A2D5912BBCBD2A00D750FF /* Launch Screen.storyboard */; };
		24BC94732BD01669006EF4F6 /* AppDelegate.swift in Sources */ = {isa = PBXBuildFile; fileRef = 24BC94722BD01669006EF4F6 /* AppDelegate.swift */; };
/* End PBXBuildFile section */

/* Begin PBXFileReference section */
		2409B8BA2BC776E700D8CAD4 /* GoogleService-Info.plist */ = {isa = PBXFileReference; fileEncoding = 4; lastKnownFileType = text.plist.xml; path = "GoogleService-Info.plist"; sourceTree = "<group>"; };
		2409B8C02BC880AB00D8CAD4 /* LoggedInView.swift */ = {isa = PBXFileReference; lastKnownFileType = sourcecode.swift; path = LoggedInView.swift; sourceTree = "<group>"; };
		2409B8C82BCD7EC100D8CAD4 /* AuthViewModel.swift */ = {isa = PBXFileReference; lastKnownFileType = sourcecode.swift; path = AuthViewModel.swift; sourceTree = "<group>"; };
		2409B8CA2BCD850000D8CAD4 /* ContentView.swift */ = {isa = PBXFileReference; lastKnownFileType = sourcecode.swift; path = ContentView.swift; sourceTree = "<group>"; };
		2409B8D32BCE09F900D8CAD4 /* AuthModel.swift */ = {isa = PBXFileReference; lastKnownFileType = sourcecode.swift; path = AuthModel.swift; sourceTree = "<group>"; };
		2409B8D52BCE0BBD00D8CAD4 /* AuthModelError.swift */ = {isa = PBXFileReference; lastKnownFileType = sourcecode.swift; path = AuthModelError.swift; sourceTree = "<group>"; };
		2409B8D72BCE140700D8CAD4 /* LoginFormView.swift */ = {isa = PBXFileReference; lastKnownFileType = sourcecode.swift; path = LoginFormView.swift; sourceTree = "<group>"; };
		24A2D5802BBCBC6100D750FF /* CPSC5340_Final_Project.app */ = {isa = PBXFileReference; explicitFileType = wrapper.application; includeInIndex = 0; path = CPSC5340_Final_Project.app; sourceTree = BUILT_PRODUCTS_DIR; };
		24A2D5832BBCBC6100D750FF /* CPSC5340_Final_ProjectApp.swift */ = {isa = PBXFileReference; lastKnownFileType = sourcecode.swift; path = CPSC5340_Final_ProjectApp.swift; sourceTree = "<group>"; };
		24A2D5852BBCBC6100D750FF /* SignInView.swift */ = {isa = PBXFileReference; lastKnownFileType = sourcecode.swift; path = SignInView.swift; sourceTree = "<group>"; };
		24A2D5872BBCBC6300D750FF /* Assets.xcassets */ = {isa = PBXFileReference; lastKnownFileType = folder.assetcatalog; path = Assets.xcassets; sourceTree = "<group>"; };
		24A2D58A2BBCBC6300D750FF /* Preview Assets.xcassets */ = {isa = PBXFileReference; lastKnownFileType = folder.assetcatalog; path = "Preview Assets.xcassets"; sourceTree = "<group>"; };
		24A2D5912BBCBD2A00D750FF /* Launch Screen.storyboard */ = {isa = PBXFileReference; lastKnownFileType = file.storyboard; path = "Launch Screen.storyboard"; sourceTree = "<group>"; };
		24BC94722BD01669006EF4F6 /* AppDelegate.swift */ = {isa = PBXFileReference; lastKnownFileType = sourcecode.swift; path = AppDelegate.swift; sourceTree = "<group>"; };
/* End PBXFileReference section */

/* Begin PBXFrameworksBuildPhase section */
		24A2D57D2BBCBC6100D750FF /* Frameworks */ = {
			isa = PBXFrameworksBuildPhase;
			buildActionMask = 2147483647;
			files = (
				2409B8BD2BC7780B00D8CAD4 /* FirebaseAuth in Frameworks */,
				2409B8BF2BC7780B00D8CAD4 /* FirebaseFirestore in Frameworks */,
			);
			runOnlyForDeploymentPostprocessing = 0;
		};
/* End PBXFrameworksBuildPhase section */

/* Begin PBXGroup section */
		2409B8C52BCC626300D8CAD4 /* Views */ = {
			isa = PBXGroup;
			children = (
				2409B8CA2BCD850000D8CAD4 /* ContentView.swift */,
				24A2D5852BBCBC6100D750FF /* SignInView.swift */,
				2409B8D72BCE140700D8CAD4 /* LoginFormView.swift */,
				2409B8C02BC880AB00D8CAD4 /* LoggedInView.swift */,
			);
			path = Views;
			sourceTree = "<group>";
		};
		2409B8C72BCD7E7A00D8CAD4 /* Models */ = {
			isa = PBXGroup;
			children = (
				2409B8D32BCE09F900D8CAD4 /* AuthModel.swift */,
				2409B8D52BCE0BBD00D8CAD4 /* AuthModelError.swift */,
			);
			path = Models;
			sourceTree = "<group>";
		};
		2409B8CC2BCDEDA700D8CAD4 /* ViewModels */ = {
			isa = PBXGroup;
			children = (
				2409B8C82BCD7EC100D8CAD4 /* AuthViewModel.swift */,
			);
			path = ViewModels;
			sourceTree = "<group>";
		};
		24A2D5772BBCBC6100D750FF = {
			isa = PBXGroup;
			children = (
				24A2D5822BBCBC6100D750FF /* CPSC5340_Final_Project */,
				24A2D5812BBCBC6100D750FF /* Products */,
			);
			sourceTree = "<group>";
		};
		24A2D5812BBCBC6100D750FF /* Products */ = {
			isa = PBXGroup;
			children = (
				24A2D5802BBCBC6100D750FF /* CPSC5340_Final_Project.app */,
			);
			name = Products;
			sourceTree = "<group>";
		};
		24A2D5822BBCBC6100D750FF /* CPSC5340_Final_Project */ = {
			isa = PBXGroup;
			children = (
				24A2D5832BBCBC6100D750FF /* CPSC5340_Final_ProjectApp.swift */,
				24BC94722BD01669006EF4F6 /* AppDelegate.swift */,
				2409B8C72BCD7E7A00D8CAD4 /* Models */,
				2409B8CC2BCDEDA700D8CAD4 /* ViewModels */,
				2409B8C52BCC626300D8CAD4 /* Views */,
				24A2D5912BBCBD2A00D750FF /* Launch Screen.storyboard */,
				24A2D5872BBCBC6300D750FF /* Assets.xcassets */,
				2409B8BA2BC776E700D8CAD4 /* GoogleService-Info.plist */,
				24A2D5892BBCBC6300D750FF /* Preview Content */,
			);
			path = CPSC5340_Final_Project;
			sourceTree = "<group>";
		};
		24A2D5892BBCBC6300D750FF /* Preview Content */ = {
			isa = PBXGroup;
			children = (
				24A2D58A2BBCBC6300D750FF /* Preview Assets.xcassets */,
			);
			path = "Preview Content";
			sourceTree = "<group>";
		};
/* End PBXGroup section */

/* Begin PBXNativeTarget section */
		24A2D57F2BBCBC6100D750FF /* CPSC5340_Final_Project */ = {
			isa = PBXNativeTarget;
			buildConfigurationList = 24A2D58E2BBCBC6300D750FF /* Build configuration list for PBXNativeTarget "CPSC5340_Final_Project" */;
			buildPhases = (
				24A2D57C2BBCBC6100D750FF /* Sources */,
				24A2D57D2BBCBC6100D750FF /* Frameworks */,
				24A2D57E2BBCBC6100D750FF /* Resources */,
			);
			buildRules = (
			);
			dependencies = (
			);
			name = CPSC5340_Final_Project;
			packageProductDependencies = (
				2409B8BC2BC7780B00D8CAD4 /* FirebaseAuth */,
				2409B8BE2BC7780B00D8CAD4 /* FirebaseFirestore */,
			);
			productName = CPSC5340_Final_Project;
			productReference = 24A2D5802BBCBC6100D750FF /* CPSC5340_Final_Project.app */;
			productType = "com.apple.product-type.application";
		};
/* End PBXNativeTarget section */

/* Begin PBXProject section */
		24A2D5782BBCBC6100D750FF /* Project object */ = {
			isa = PBXProject;
			attributes = {
				BuildIndependentTargetsInParallel = 1;
				LastSwiftUpdateCheck = 1530;
				LastUpgradeCheck = 1530;
				TargetAttributes = {
					24A2D57F2BBCBC6100D750FF = {
						CreatedOnToolsVersion = 15.3;
					};
				};
			};
			buildConfigurationList = 24A2D57B2BBCBC6100D750FF /* Build configuration list for PBXProject "CPSC5340_Final_Project" */;
			compatibilityVersion = "Xcode 14.0";
			developmentRegion = en;
			hasScannedForEncodings = 0;
			knownRegions = (
				en,
				Base,
			);
			mainGroup = 24A2D5772BBCBC6100D750FF;
			packageReferences = (
				2409B8B92BC7623600D8CAD4 /* XCRemoteSwiftPackageReference "firebase-ios-sdk" */,
			);
			productRefGroup = 24A2D5812BBCBC6100D750FF /* Products */;
			projectDirPath = "";
			projectRoot = "";
			targets = (
				24A2D57F2BBCBC6100D750FF /* CPSC5340_Final_Project */,
			);
		};
/* End PBXProject section */

/* Begin PBXResourcesBuildPhase section */
		24A2D57E2BBCBC6100D750FF /* Resources */ = {
			isa = PBXResourcesBuildPhase;
			buildActionMask = 2147483647;
			files = (
				24A2D5922BBCBD2A00D750FF /* Launch Screen.storyboard in Resources */,
				2409B8BB2BC776E700D8CAD4 /* GoogleService-Info.plist in Resources */,
				24A2D58B2BBCBC6300D750FF /* Preview Assets.xcassets in Resources */,
				24A2D5882BBCBC6300D750FF /* Assets.xcassets in Resources */,
			);
			runOnlyForDeploymentPostprocessing = 0;
		};
/* End PBXResourcesBuildPhase section */

/* Begin PBXSourcesBuildPhase section */
		24A2D57C2BBCBC6100D750FF /* Sources */ = {
			isa = PBXSourcesBuildPhase;
			buildActionMask = 2147483647;
			files = (
				2409B8D62BCE0BBD00D8CAD4 /* AuthModelError.swift in Sources */,
				24BC94732BD01669006EF4F6 /* AppDelegate.swift in Sources */,
				24A2D5862BBCBC6100D750FF /* SignInView.swift in Sources */,
				2409B8CB2BCD850000D8CAD4 /* ContentView.swift in Sources */,
				24A2D5842BBCBC6100D750FF /* CPSC5340_Final_ProjectApp.swift in Sources */,
				2409B8D42BCE09F900D8CAD4 /* AuthModel.swift in Sources */,
				2409B8C12BC880AB00D8CAD4 /* LoggedInView.swift in Sources */,
				2409B8D82BCE140700D8CAD4 /* LoginFormView.swift in Sources */,
				2409B8C92BCD7EC100D8CAD4 /* AuthViewModel.swift in Sources */,
			);
			runOnlyForDeploymentPostprocessing = 0;
		};
/* End PBXSourcesBuildPhase section */

/* Begin XCBuildConfiguration section */
		24A2D58C2BBCBC6300D750FF /* Debug */ = {
			isa = XCBuildConfiguration;
			buildSettings = {
				ALWAYS_SEARCH_USER_PATHS = NO;
				ASSETCATALOG_COMPILER_GENERATE_SWIFT_ASSET_SYMBOL_EXTENSIONS = YES;
				CLANG_ANALYZER_NONNULL = YES;
				CLANG_ANALYZER_NUMBER_OBJECT_CONVERSION = YES_AGGRESSIVE;
				CLANG_CXX_LANGUAGE_STANDARD = "gnu++20";
				CLANG_ENABLE_MODULES = YES;
				CLANG_ENABLE_OBJC_ARC = YES;
				CLANG_ENABLE_OBJC_WEAK = YES;
				CLANG_WARN_BLOCK_CAPTURE_AUTORELEASING = YES;
				CLANG_WARN_BOOL_CONVERSION = YES;
				CLANG_WARN_COMMA = YES;
				CLANG_WARN_CONSTANT_CONVERSION = YES;
				CLANG_WARN_DEPRECATED_OBJC_IMPLEMENTATIONS = YES;
				CLANG_WARN_DIRECT_OBJC_ISA_USAGE = YES_ERROR;
				CLANG_WARN_DOCUMENTATION_COMMENTS = YES;
				CLANG_WARN_EMPTY_BODY = YES;
				CLANG_WARN_ENUM_CONVERSION = YES;
				CLANG_WARN_INFINITE_RECURSION = YES;
				CLANG_WARN_INT_CONVERSION = YES;
				CLANG_WARN_NON_LITERAL_NULL_CONVERSION = YES;
				CLANG_WARN_OBJC_IMPLICIT_RETAIN_SELF = YES;
				CLANG_WARN_OBJC_LITERAL_CONVERSION = YES;
				CLANG_WARN_OBJC_ROOT_CLASS = YES_ERROR;
				CLANG_WARN_QUOTED_INCLUDE_IN_FRAMEWORK_HEADER = YES;
				CLANG_WARN_RANGE_LOOP_ANALYSIS = YES;
				CLANG_WARN_STRICT_PROTOTYPES = YES;
				CLANG_WARN_SUSPICIOUS_MOVE = YES;
				CLANG_WARN_UNGUARDED_AVAILABILITY = YES_AGGRESSIVE;
				CLANG_WARN_UNREACHABLE_CODE = YES;
				CLANG_WARN__DUPLICATE_METHOD_MATCH = YES;
				COPY_PHASE_STRIP = NO;
				DEBUG_INFORMATION_FORMAT = dwarf;
				ENABLE_STRICT_OBJC_MSGSEND = YES;
				ENABLE_TESTABILITY = YES;
				ENABLE_USER_SCRIPT_SANDBOXING = YES;
				GCC_C_LANGUAGE_STANDARD = gnu17;
				GCC_DYNAMIC_NO_PIC = NO;
				GCC_NO_COMMON_BLOCKS = YES;
				GCC_OPTIMIZATION_LEVEL = 0;
				GCC_PREPROCESSOR_DEFINITIONS = (
					"DEBUG=1",
					"$(inherited)",
				);
				GCC_WARN_64_TO_32_BIT_CONVERSION = YES;
				GCC_WARN_ABOUT_RETURN_TYPE = YES_ERROR;
				GCC_WARN_UNDECLARED_SELECTOR = YES;
				GCC_WARN_UNINITIALIZED_AUTOS = YES_AGGRESSIVE;
				GCC_WARN_UNUSED_FUNCTION = YES;
				GCC_WARN_UNUSED_VARIABLE = YES;
				IPHONEOS_DEPLOYMENT_TARGET = 17.4;
				LOCALIZATION_PREFERS_STRING_CATALOGS = YES;
				MTL_ENABLE_DEBUG_INFO = INCLUDE_SOURCE;
				MTL_FAST_MATH = YES;
				ONLY_ACTIVE_ARCH = YES;
				SDKROOT = iphoneos;
				SWIFT_ACTIVE_COMPILATION_CONDITIONS = "DEBUG $(inherited)";
				SWIFT_OPTIMIZATION_LEVEL = "-Onone";
			};
			name = Debug;
		};
		24A2D58D2BBCBC6300D750FF /* Release */ = {
			isa = XCBuildConfiguration;
			buildSettings = {
				ALWAYS_SEARCH_USER_PATHS = NO;
				ASSETCATALOG_COMPILER_GENERATE_SWIFT_ASSET_SYMBOL_EXTENSIONS = YES;
				CLANG_ANALYZER_NONNULL = YES;
				CLANG_ANALYZER_NUMBER_OBJECT_CONVERSION = YES_AGGRESSIVE;
				CLANG_CXX_LANGUAGE_STANDARD = "gnu++20";
				CLANG_ENABLE_MODULES = YES;
				CLANG_ENABLE_OBJC_ARC = YES;
				CLANG_ENABLE_OBJC_WEAK = YES;
				CLANG_WARN_BLOCK_CAPTURE_AUTORELEASING = YES;
				CLANG_WARN_BOOL_CONVERSION = YES;
				CLANG_WARN_COMMA = YES;
				CLANG_WARN_CONSTANT_CONVERSION = YES;
				CLANG_WARN_DEPRECATED_OBJC_IMPLEMENTATIONS = YES;
				CLANG_WARN_DIRECT_OBJC_ISA_USAGE = YES_ERROR;
				CLANG_WARN_DOCUMENTATION_COMMENTS = YES;
				CLANG_WARN_EMPTY_BODY = YES;
				CLANG_WARN_ENUM_CONVERSION = YES;
				CLANG_WARN_INFINITE_RECURSION = YES;
				CLANG_WARN_INT_CONVERSION = YES;
				CLANG_WARN_NON_LITERAL_NULL_CONVERSION = YES;
				CLANG_WARN_OBJC_IMPLICIT_RETAIN_SELF = YES;
				CLANG_WARN_OBJC_LITERAL_CONVERSION = YES;
				CLANG_WARN_OBJC_ROOT_CLASS = YES_ERROR;
				CLANG_WARN_QUOTED_INCLUDE_IN_FRAMEWORK_HEADER = YES;
				CLANG_WARN_RANGE_LOOP_ANALYSIS = YES;
				CLANG_WARN_STRICT_PROTOTYPES = YES;
				CLANG_WARN_SUSPICIOUS_MOVE = YES;
				CLANG_WARN_UNGUARDED_AVAILABILITY = YES_AGGRESSIVE;
				CLANG_WARN_UNREACHABLE_CODE = YES;
				CLANG_WARN__DUPLICATE_METHOD_MATCH = YES;
				COPY_PHASE_STRIP = NO;
				DEBUG_INFORMATION_FORMAT = "dwarf-with-dsym";
				ENABLE_NS_ASSERTIONS = NO;
				ENABLE_STRICT_OBJC_MSGSEND = YES;
				ENABLE_USER_SCRIPT_SANDBOXING = YES;
				GCC_C_LANGUAGE_STANDARD = gnu17;
				GCC_NO_COMMON_BLOCKS = YES;
				GCC_WARN_64_TO_32_BIT_CONVERSION = YES;
				GCC_WARN_ABOUT_RETURN_TYPE = YES_ERROR;
				GCC_WARN_UNDECLARED_SELECTOR = YES;
				GCC_WARN_UNINITIALIZED_AUTOS = YES_AGGRESSIVE;
				GCC_WARN_UNUSED_FUNCTION = YES;
				GCC_WARN_UNUSED_VARIABLE = YES;
				IPHONEOS_DEPLOYMENT_TARGET = 17.4;
				LOCALIZATION_PREFERS_STRING_CATALOGS = YES;
				MTL_ENABLE_DEBUG_INFO = NO;
				MTL_FAST_MATH = YES;
				SDKROOT = iphoneos;
				SWIFT_COMPILATION_MODE = wholemodule;
				VALIDATE_PRODUCT = YES;
			};
			name = Release;
		};
		24A2D58F2BBCBC6300D750FF /* Debug */ = {
			isa = XCBuildConfiguration;
			buildSettings = {
				ASSETCATALOG_COMPILER_APPICON_NAME = AppIcon;
				ASSETCATALOG_COMPILER_GLOBAL_ACCENT_COLOR_NAME = AccentColor;
				CODE_SIGN_STYLE = Automatic;
				CURRENT_PROJECT_VERSION = 1;
				DEVELOPMENT_ASSET_PATHS = "\"CPSC5340_Final_Project/Preview Content\"";
				DEVELOPMENT_TEAM = RC294N4N7Q;
				ENABLE_PREVIEWS = YES;
				GENERATE_INFOPLIST_FILE = YES;
				INFOPLIST_KEY_UIApplicationSceneManifest_Generation = YES;
				INFOPLIST_KEY_UIApplicationSupportsIndirectInputEvents = YES;
				INFOPLIST_KEY_UILaunchScreen_Generation = YES;
				INFOPLIST_KEY_UILaunchStoryboardName = "Launch Screen.storyboard";
				INFOPLIST_KEY_UISupportedInterfaceOrientations_iPad = "UIInterfaceOrientationPortrait UIInterfaceOrientationPortraitUpsideDown UIInterfaceOrientationLandscapeLeft UIInterfaceOrientationLandscapeRight";
				INFOPLIST_KEY_UISupportedInterfaceOrientations_iPhone = "UIInterfaceOrientationPortrait UIInterfaceOrientationLandscapeLeft UIInterfaceOrientationLandscapeRight";
				LD_RUNPATH_SEARCH_PATHS = (
					"$(inherited)",
					"@executable_path/Frameworks",
				);
				MARKETING_VERSION = 1.0;
				PRODUCT_BUNDLE_IDENTIFIER = "edu.auburn.onlinecsse.nju0004-CPSC5340-Final-Project";
				PRODUCT_NAME = "$(TARGET_NAME)";
				SWIFT_EMIT_LOC_STRINGS = YES;
				SWIFT_VERSION = 5.0;
				TARGETED_DEVICE_FAMILY = "1,2";
			};
			name = Debug;
		};
		24A2D5902BBCBC6300D750FF /* Release */ = {
			isa = XCBuildConfiguration;
			buildSettings = {
				ASSETCATALOG_COMPILER_APPICON_NAME = AppIcon;
				ASSETCATALOG_COMPILER_GLOBAL_ACCENT_COLOR_NAME = AccentColor;
				CODE_SIGN_STYLE = Automatic;
				CURRENT_PROJECT_VERSION = 1;
				DEVELOPMENT_ASSET_PATHS = "\"CPSC5340_Final_Project/Preview Content\"";
				DEVELOPMENT_TEAM = RC294N4N7Q;
				ENABLE_PREVIEWS = YES;
				GENERATE_INFOPLIST_FILE = YES;
				INFOPLIST_KEY_UIApplicationSceneManifest_Generation = YES;
				INFOPLIST_KEY_UIApplicationSupportsIndirectInputEvents = YES;
				INFOPLIST_KEY_UILaunchScreen_Generation = YES;
				INFOPLIST_KEY_UILaunchStoryboardName = "Launch Screen.storyboard";
				INFOPLIST_KEY_UISupportedInterfaceOrientations_iPad = "UIInterfaceOrientationPortrait UIInterfaceOrientationPortraitUpsideDown UIInterfaceOrientationLandscapeLeft UIInterfaceOrientationLandscapeRight";
				INFOPLIST_KEY_UISupportedInterfaceOrientations_iPhone = "UIInterfaceOrientationPortrait UIInterfaceOrientationLandscapeLeft UIInterfaceOrientationLandscapeRight";
				LD_RUNPATH_SEARCH_PATHS = (
					"$(inherited)",
					"@executable_path/Frameworks",
				);
				MARKETING_VERSION = 1.0;
				PRODUCT_BUNDLE_IDENTIFIER = "edu.auburn.onlinecsse.nju0004-CPSC5340-Final-Project";
				PRODUCT_NAME = "$(TARGET_NAME)";
				SWIFT_EMIT_LOC_STRINGS = YES;
				SWIFT_VERSION = 5.0;
				TARGETED_DEVICE_FAMILY = "1,2";
			};
			name = Release;
		};
/* End XCBuildConfiguration section */

/* Begin XCConfigurationList section */
		24A2D57B2BBCBC6100D750FF /* Build configuration list for PBXProject "CPSC5340_Final_Project" */ = {
			isa = XCConfigurationList;
			buildConfigurations = (
				24A2D58C2BBCBC6300D750FF /* Debug */,
				24A2D58D2BBCBC6300D750FF /* Release */,
			);
			defaultConfigurationIsVisible = 0;
			defaultConfigurationName = Release;
		};
		24A2D58E2BBCBC6300D750FF /* Build configuration list for PBXNativeTarget "CPSC5340_Final_Project" */ = {
			isa = XCConfigurationList;
			buildConfigurations = (
				24A2D58F2BBCBC6300D750FF /* Debug */,
				24A2D5902BBCBC6300D750FF /* Release */,
			);
			defaultConfigurationIsVisible = 0;
			defaultConfigurationName = Release;
		};
/* End XCConfigurationList section */

/* Begin XCRemoteSwiftPackageReference section */
		2409B8B92BC7623600D8CAD4 /* XCRemoteSwiftPackageReference "firebase-ios-sdk" */ = {
			isa = XCRemoteSwiftPackageReference;
			repositoryURL = "https://github.com/firebase/firebase-ios-sdk.git";
			requirement = {
				kind = upToNextMajorVersion;
				minimumVersion = 10.24.0;
			};
		};
/* End XCRemoteSwiftPackageReference section */

/* Begin XCSwiftPackageProductDependency section */
		2409B8BC2BC7780B00D8CAD4 /* FirebaseAuth */ = {
			isa = XCSwiftPackageProductDependency;
			package = 2409B8B92BC7623600D8CAD4 /* XCRemoteSwiftPackageReference "firebase-ios-sdk" */;
			productName = FirebaseAuth;
		};
		2409B8BE2BC7780B00D8CAD4 /* FirebaseFirestore */ = {
			isa = XCSwiftPackageProductDependency;
			package = 2409B8B92BC7623600D8CAD4 /* XCRemoteSwiftPackageReference "firebase-ios-sdk" */;
			productName = FirebaseFirestore;
		};
/* End XCSwiftPackageProductDependency section */
	};
	rootObject = 24A2D5782BBCBC6100D750FF /* Project object */;
}
